Microsoft Visual Studio Solution File, Format Version 12.00
# Visual Studio Version 17
VisualStudioVersion = 17.5.2.0
MinimumVisualStudioVersion = 10.0.40219.1
Project("{FAE04EC0-301F-11D3-BF4B-00C04F79EFBC}") = "apiFuerzaNaranja", "apiFuerzaNaranja.csproj", "{2EF1618D-02A3-1DA5-12AC-35E5956279A9}"
EndProject
Global
	GlobalSection(SolutionConfigurationPlatforms) = preSolution
		Debug|Any CPU = Debug|Any CPU
		Release|Any CPU = Release|Any CPU
	EndGlobalSection
	GlobalSection(ProjectConfigurationPlatforms) = postSolution
		{2EF1618D-02A3-1DA5-12AC-35E5956279A9}.Debug|Any CPU.ActiveCfg = Debug|Any CPU
		{2EF1618D-02A3-1DA5-12AC-35E5956279A9}.Debug|Any CPU.Build.0 = Debug|Any CPU
		{2EF1618D-02A3-1DA5-12AC-35E5956279A9}.Release|Any CPU.ActiveCfg = Release|Any CPU
		{2EF1618D-02A3-1DA5-12AC-35E5956279A9}.Release|Any CPU.Build.0 = Release|Any CPU
	EndGlobalSection
	GlobalSection(SolutionProperties) = preSolution
		HideSolutionNode = FALSE
	EndGlobalSection
	GlobalSection(ExtensibilityGlobals) = postSolution
		SolutionGuid = {AA42ABCE-E3BD-4773-ABB1-BDA935AFA8DD}
	EndGlobalSection
EndGlobal
